
Microsoft Visual Studio Solution File, Format Version 12.00
# Visual Studio Version 17
VisualStudioVersion = 17.9.34728.123
MinimumVisualStudioVersion = 10.0.40219.1
Project("{FAE04EC0-301F-11D3-BF4B-00C04F79EFBC}") = "Projeto4", "Projeto4\Projeto4.csproj", "{8412FD97-4229-45E4-939A-DB9B96E41157}"
EndProject
Global
	GlobalSection(SolutionConfigurationPlatforms) = preSolution
		Debug|Any CPU = Debug|Any CPU
		Release|Any CPU = Release|Any CPU
	EndGlobalSection
	GlobalSection(ProjectConfigurationPlatforms) = postSolution
		{8412FD97-4229-45E4-939A-DB9B96E41157}.Debug|Any CPU.ActiveCfg = Debug|Any CPU
		{8412FD97-4229-45E4-939A-DB9B96E41157}.Debug|Any CPU.Build.0 = Debug|Any CPU
		{8412FD97-4229-45E4-939A-DB9B96E41157}.Release|Any CPU.ActiveCfg = Release|Any CPU
		{8412FD97-4229-45E4-939A-DB9B96E41157}.Release|Any CPU.Build.0 = Release|Any CPU
	EndGlobalSection
	GlobalSection(SolutionProperties) = preSolution
		HideSolutionNode = FALSE
	EndGlobalSection
	GlobalSection(ExtensibilityGlobals) = postSolution
		SolutionGuid = {B90245FC-B428-4E0F-A4FC-4CF699528E1C}
	EndGlobalSection
EndGlobal
